github.com/Easonliuliang/helloprint v0.1.0 h1:HURtARUq5JX6qheCLJVKihQhfWOVybPZGCojqRUxmWs=
github.com/Easonliuliang/helloprint v0.1.0/go.mod h1:HXjXXYqDdiRECY/uIsYmwSdm0KGAF9JeXHvduXnynqY=
github.com/andybalholm/brotli v1.2.0 h1:ukwgCxwYrmACq68yiUqwIWnGY0cTPox/M94sVwToPjQ=
github.com/andybalholm/brotli v1.2.0/go.mod h1:rzTDkvFWvIrjDXZHkuS16NPggd91W3kUSvPlQ1pLaKY=
github.com/klauspost/compress v1.18.2 h1:iiPHWW0YrcFgpBYhsA6D1+fqHssJscY/Tm/y2Uqnapk=
github.com/klauspost/compress v1.18.2/go.mod h1:R0h/fSBs8DE4ENlcrlib3PsXS61voFxhIs2DeRhCvJ4=
github.com/miekg/dns v1.1.69 h1:Kb7Y/1Jo+SG+a2GtfoFUfDkG//csdRPwRLkCsxDG9Sc=
github.com/miekg/dns v1.1.69/go.mod h1:7OyjD9nEba5OkqQ/hB4fy3PIoxafSZJtducccIelz3g=
github.com/psanford/tlsfingerprint v0.0.0-20251111180026-c742e470de9b h1:fsP7F1zLHZ4ozxhesg4j8qSsaJxK7Ev9fA2cUtbThec=
github.com/psanford/tlsfingerprint v0.0.0-20251111180026-c742e470de9b/go.mod h1:F7HlBxc/I5XX6syuwpDtffw/6J+d0Q2xcUhYSbx/0Uw=
github.com/sardanioss/http v1.2.0 h1:Zq3uxnYDLeugTvaYaCzR3Tp1qDERbA2pHgkkFWRuETs=
github.com/sardanioss/http v1.2.0/go.mod h1:Bn2qBFItWB9mLCxWW+tnwDe0stlrxhXaVZKtrLn4dc0=
github.com/sardanioss/httpcloak v1.6.1 h1:fPaTIMfkUsQRftT/sorVur1/9zbg2exRpGV571m7OMQ=
github.com/sardanioss/httpcloak v1.6.1/go.mod h1:XzZB1G4lBYcry1dne2CcUmD96GIScRmRM6Touiq6QCc=
github.com/sardanioss/net v1.2.5 h1:vBfuObWtMoIRuy3ygWJ9uDvM0K8H6U1tU44Q1di0E3Y=
github.com/sardanioss/net v1.2.5/go.mod h1:jfBAWR1FCMNBh3Pl6kVPOjrKtvBvmKEO300GkAAwj3s=
github.com/sardanioss/qpack v0.6.3 h1:XGXtEYzpqMD7kzq/kyRhjucohUD8JPiJvi6RuxAlueQ=
github.com/sardanioss/qpack v0.6.3/go.mod h1:RSs0PpIh6d66DzAdANPGs9eHV/AbROwpW/Egpy0kIvQ=
github.com/sardanioss/quic-go v1.2.23 h1:BHIOFrroLbWNMtmTukkJWLxMVsbekAS1F7u1H0dJjZI=
github.com/sardanioss/quic-go v1.2.23/go.mod h1:ghWvKi2F6gfY7nm/iT7eNV9Of3SUF7fgKf/1SGBA8PA=
github.com/sardanioss/udpbara v1.1.0 h1:fe71FKnCD/c9J27gY7IyjPM1Zt1gbklDsqJBVpW9Usk=
github.com/sardanioss/udpbara v1.1.0/go.mod h1:aNCe+94AMrx1FiSPusvGPQnsJ6TPEc1RaL/8H7BCwl4=
github.com/sardanioss/utls v1.10.3 h1:b1HU1+owWCUhfLUk0mk2mOgepL14rmthbA1PS8XGQXo=
github.com/sardanioss/utls v1.10.3/go.mod h1:3sXK05Ir31HiMGINYV1uMDFRv/z9JL+QY9ITi/WEbV0=
golang.org/x/crypto v0.46.0 h1:cKRW/pmt1pKAfetfu+RCEvjvZkA9RimPbh7bhFjGVBU=
golang.org/x/crypto v0.46.0/go.mod h1:Evb/oLKmMraqjZ2iQTwDwvCtJkczlDuTmdJXoZVzqU0=
golang.org/x/mod v0.30.0 h1:fDEXFVZ/fmCKProc/yAXXUijritrDzahmwwefnjoPFk=
golang.org/x/mod v0.30.0/go.mod h1:lAsf5O2EvJeSFMiBxXDki7sCgAxEUcZHXoXMKT4GJKc=
golang.org/x/net v0.48.0 h1:zyQRTTrjc33Lhh0fBgT/H3oZq9WuvRR5gPC70xpDiQU=
golang.org/x/net v0.48.0/go.mod h1:+ndRgGjkh8FGtu1w1FGbEC31if4VrNVMuKTgcAAnQRY=
golang.org/x/sync v0.19.0 h1:vV+1eWNmZ5geRlYjzm2adRgW2/mcpevXNg50YZtPCE4=
golang.org/x/sync v0.19.0/go.mod h1:9KTHXmSnoGruLpwFjVSX0lNNA75CykiMECbovNTZqGI=
golang.org/x/sys v0.39.0 h1:CvCKL8MeisomCi6qNZ+wbb0DN9E5AATixKsvNtMoMFk=
golang.org/x/sys v0.39.0/go.mod h1:OgkHotnGiDImocRcuBABYBEXf8A9a87e/uXjp9XT3ks=
golang.org/x/text v0.32.0 h1:ZD01bjUt1FQ9WJ0ClOL5vxgxOI/sVCNgX1YtKwcY0mU=
golang.org/x/text v0.32.0/go.mod h1:o/rUWzghvpD5TXrTIBuJU77MTaN0ljMWE47kxGJQ7jY=
golang.org/x/tools v0.39.0 h1:ik4ho21kwuQln40uelmciQPp9SipgNDdrafrYA4TmQQ=
golang.org/x/tools v0.39.0/go.mod h1:JnefbkDPyD8UU2kI5fuf8ZX4/yUeh9W877ZeBONxUqQ=
